// !$*UTF8*$!
{
	archiveVersion = 1;
	classes = {
	};
	objectVersion = 46;
	objects = {

/* Begin PBXBuildFile section */
		3AB1EA911F26AF5700F06FC8 /* AppDelegate.swift in Sources */ = {isa = PBXBuildFile; fileRef = 3AB1EA901F26AF5700F06FC8 /* AppDelegate.swift */; };
		3AB1EA931F26AF5700F06FC8 /* ViewController.swift in Sources */ = {isa = PBXBuildFile; fileRef = 3AB1EA921F26AF5700F06FC8 /* ViewController.swift */; };
		3AB1EA961F26AF5700F06FC8 /* Main.storyboard in Resources */ = {isa = PBXBuildFile; fileRef = 3AB1EA941F26AF5700F06FC8 /* Main.storyboard */; };
		3AB1EA981F26AF5700F06FC8 /* Assets.xcassets in Resources */ = {isa = PBXBuildFile; fileRef = 3AB1EA971F26AF5700F06FC8 /* Assets.xcassets */; };
		3AB1EA9B1F26AF5700F06FC8 /* LaunchScreen.storyboard in Resources */ = {isa = PBXBuildFile; fileRef = 3AB1EA991F26AF5700F06FC8 /* LaunchScreen.storyboard */; };
		3AB1EAA61F26AF5700F06FC8 /* basecoin_iosTests.swift in Sources */ = {isa = PBXBuildFile; fileRef = 3AB1EAA51F26AF5700F06FC8 /* basecoin_iosTests.swift */; };
		3AB1EAB11F26AF5700F06FC8 /* basecoin_iosUITests.swift in Sources */ = {isa = PBXBuildFile; fileRef = 3AB1EAB01F26AF5700F06FC8 /* basecoin_iosUITests.swift */; };
		3AB1EABF1F26B13E00F06FC8 /* Bindings.framework in Frameworks */ = {isa = PBXBuildFile; fileRef = 3AB1EABE1F26B13E00F06FC8 /* Bindings.framework */; };
/* End PBXBuildFile section */

/* Begin PBXContainerItemProxy section */
		3AB1EAA21F26AF5700F06FC8 /* PBXContainerItemProxy */ = {
			isa = PBXContainerItemProxy;
			containerPortal = 3AB1EA851F26AF5700F06FC8 /* Project object */;
			proxyType = 1;
			remoteGlobalIDString = 3AB1EA8C1F26AF5700F06FC8;
			remoteInfo = "basecoin-ios";
		};
		3AB1EAAD1F26AF5700F06FC8 /* PBXContainerItemProxy */ = {
			isa = PBXContainerItemProxy;
			containerPortal = 3AB1EA851F26AF5700F06FC8 /* Project object */;
			proxyType = 1;
			remoteGlobalIDString = 3AB1EA8C1F26AF5700F06FC8;
			remoteInfo = "basecoin-ios";
		};
/* End PBXContainerItemProxy section */

/* Begin PBXFileReference section */
		3AB1EA8D1F26AF5700F06FC8 /* basecoin-ios.app */ = {isa = PBXFileReference; explicitFileType = wrapper.application; includeInIndex = 0; path = "basecoin-ios.app"; sourceTree = BUILT_PRODUCTS_DIR; };
		3AB1EA901F26AF5700F06FC8 /* AppDelegate.swift */ = {isa = PBXFileReference; lastKnownFileType = sourcecode.swift; path = AppDelegate.swift; sourceTree = "<group>"; };
		3AB1EA921F26AF5700F06FC8 /* ViewController.swift */ = {isa = PBXFileReference; lastKnownFileType = sourcecode.swift; path = ViewController.swift; sourceTree = "<group>"; };
		3AB1EA951F26AF5700F06FC8 /* Base */ = {isa = PBXFileReference; lastKnownFileType = file.storyboard; name = Base; path = Base.lproj/Main.storyboard; sourceTree = "<group>"; };
		3AB1EA971F26AF5700F06FC8 /* Assets.xcassets */ = {isa = PBXFileReference; lastKnownFileType = folder.assetcatalog; path = Assets.xcassets; sourceTree = "<group>"; };
		3AB1EA9A1F26AF5700F06FC8 /* Base */ = {isa = PBXFileReference; lastKnownFileType = file.storyboard; name = Base; path = Base.lproj/LaunchScreen.storyboard; sourceTree = "<group>"; };
		3AB1EA9C1F26AF5700F06FC8 /* Info.plist */ = {isa = PBXFileReference; lastKnownFileType = text.plist.xml; path = Info.plist; sourceTree = "<group>"; };
		3AB1EAA11F26AF5700F06FC8 /* basecoin-iosTests.xctest */ = {isa = PBXFileReference; explicitFileType = wrapper.cfbundle; includeInIndex = 0; path = "basecoin-iosTests.xctest"; sourceTree = BUILT_PRODUCTS_DIR; };
		3AB1EAA51F26AF5700F06FC8 /* basecoin_iosTests.swift */ = {isa = PBXFileReference; lastKnownFileType = sourcecode.swift; path = basecoin_iosTests.swift; sourceTree = "<group>"; };
		3AB1EAA71F26AF5700F06FC8 /* Info.plist */ = {isa = PBXFileReference; lastKnownFileType = text.plist.xml; path = Info.plist; sourceTree = "<group>"; };
		3AB1EAAC1F26AF5700F06FC8 /* basecoin-iosUITests.xctest */ = {isa = PBXFileReference; explicitFileType = wrapper.cfbundle; includeInIndex = 0; path = "basecoin-iosUITests.xctest"; sourceTree = BUILT_PRODUCTS_DIR; };
		3AB1EAB01F26AF5700F06FC8 /* basecoin_iosUITests.swift */ = {isa = PBXFileReference; lastKnownFileType = sourcecode.swift; path = basecoin_iosUITests.swift; sourceTree = "<group>"; };
		3AB1EAB21F26AF5700F06FC8 /* Info.plist */ = {isa = PBXFileReference; lastKnownFileType = text.plist.xml; path = Info.plist; sourceTree = "<group>"; };
		3AB1EABE1F26B13E00F06FC8 /* Bindings.framework */ = {isa = PBXFileReference; lastKnownFileType = wrapper.framework; path = Bindings.framework; sourceTree = "<group>"; };
/* End PBXFileReference section */

/* Begin PBXFrameworksBuildPhase section */
		3AB1EA8A1F26AF5700F06FC8 /* Frameworks */ = {
			isa = PBXFrameworksBuildPhase;
			buildActionMask = 2147483647;
			files = (
				3AB1EABF1F26B13E00F06FC8 /* Bindings.framework in Frameworks */,
			);
			runOnlyForDeploymentPostprocessing = 0;
		};
		3AB1EA9E1F26AF5700F06FC8 /* Frameworks */ = {
			isa = PBXFrameworksBuildPhase;
			buildActionMask = 2147483647;
			files = (
			);
			runOnlyForDeploymentPostprocessing = 0;
		};
		3AB1EAA91F26AF5700F06FC8 /* Frameworks */ = {
			isa = PBXFrameworksBuildPhase;
			buildActionMask = 2147483647;
			files = (
			);
			runOnlyForDeploymentPostprocessing = 0;
		};
/* End PBXFrameworksBuildPhase section */

/* Begin PBXGroup section */
		3AB1EA841F26AF5600F06FC8 = {
			isa = PBXGroup;
			children = (
				3AB1EA8F1F26AF5700F06FC8 /* basecoin-ios */,
				3AB1EAA41F26AF5700F06FC8 /* basecoin-iosTests */,
				3AB1EAAF1F26AF5700F06FC8 /* basecoin-iosUITests */,
				3AB1EA8E1F26AF5700F06FC8 /* Products */,
				3AB1EABE1F26B13E00F06FC8 /* Bindings.framework */,
			);
			sourceTree = "<group>";
		};
		3AB1EA8E1F26AF5700F06FC8 /* Products */ = {
			isa = PBXGroup;
			children = (
				3AB1EA8D1F26AF5700F06FC8 /* basecoin-ios.app */,
				3AB1EAA11F26AF5700F06FC8 /* basecoin-iosTests.xctest */,
				3AB1EAAC1F26AF5700F06FC8 /* basecoin-iosUITests.xctest */,
			);
			name = Products;
			sourceTree = "<group>";
		};
		3AB1EA8F1F26AF5700F06FC8 /* basecoin-ios */ = {
			isa = PBXGroup;
			children = (
				3AB1EA901F26AF5700F06FC8 /* AppDelegate.swift */,
				3AB1EA921F26AF5700F06FC8 /* ViewController.swift */,
				3AB1EA941F26AF5700F06FC8 /* Main.storyboard */,
				3AB1EA971F26AF5700F06FC8 /* Assets.xcassets */,
				3AB1EA991F26AF5700F06FC8 /* LaunchScreen.storyboard */,
				3AB1EA9C1F26AF5700F06FC8 /* Info.plist */,
			);
			path = "basecoin-ios";
			sourceTree = "<group>";
		};
		3AB1EAA41F26AF5700F06FC8 /* basecoin-iosTests */ = {
			isa = PBXGroup;
			children = (
				3AB1EAA51F26AF5700F06FC8 /* basecoin_iosTests.swift */,
				3AB1EAA71F26AF5700F06FC8 /* Info.plist */,
			);
			path = "basecoin-iosTests";
			sourceTree = "<group>";
		};
		3AB1EAAF1F26AF5700F06FC8 /* basecoin-iosUITests */ = {
			isa = PBXGroup;
			children = (
				3AB1EAB01F26AF5700F06FC8 /* basecoin_iosUITests.swift */,
				3AB1EAB21F26AF5700F06FC8 /* Info.plist */,
			);
			path = "basecoin-iosUITests";
			sourceTree = "<group>";
		};
/* End PBXGroup section */

/* Begin PBXNativeTarget section */
		3AB1EA8C1F26AF5700F06FC8 /* basecoin-ios */ = {
			isa = PBXNativeTarget;
			buildConfigurationList = 3AB1EAB51F26AF5700F06FC8 /* Build configuration list for PBXNativeTarget "basecoin-ios" */;
			buildPhases = (
				3AB1EA891F26AF5700F06FC8 /* Sources */,
				3AB1EA8A1F26AF5700F06FC8 /* Frameworks */,
				3AB1EA8B1F26AF5700F06FC8 /* Resources */,
			);
			buildRules = (
			);
			dependencies = (
			);
			name = "basecoin-ios";
			productName = "basecoin-ios";
			productReference = 3AB1EA8D1F26AF5700F06FC8 /* basecoin-ios.app */;
			productType = "com.apple.product-type.application";
		};
		3AB1EAA01F26AF5700F06FC8 /* basecoin-iosTests */ = {
			isa = PBXNativeTarget;
			buildConfigurationList = 3AB1EAB81F26AF5700F06FC8 /* Build configuration list for PBXNativeTarget "basecoin-iosTests" */;
			buildPhases = (
				3AB1EA9D1F26AF5700F06FC8 /* Sources */,
				3AB1EA9E1F26AF5700F06FC8 /* Frameworks */,
				3AB1EA9F1F26AF5700F06FC8 /* Resources */,
			);
			buildRules = (
			);
			dependencies = (
				3AB1EAA31F26AF5700F06FC8 /* PBXTargetDependency */,
			);
			name = "basecoin-iosTests";
			productName = "basecoin-iosTests";
			productReference = 3AB1EAA11F26AF5700F06FC8 /* basecoin-iosTests.xctest */;
			productType = "com.apple.product-type.bundle.unit-test";
		};
		3AB1EAAB1F26AF5700F06FC8 /* basecoin-iosUITests */ = {
			isa = PBXNativeTarget;
			buildConfigurationList = 3AB1EABB1F26AF5700F06FC8 /* Build configuration list for PBXNativeTarget "basecoin-iosUITests" */;
			buildPhases = (
				3AB1EAA81F26AF5700F06FC8 /* Sources */,
				3AB1EAA91F26AF5700F06FC8 /* Frameworks */,
				3AB1EAAA1F26AF5700F06FC8 /* Resources */,
			);
			buildRules = (
			);
			dependencies = (
				3AB1EAAE1F26AF5700F06FC8 /* PBXTargetDependency */,
			);
			name = "basecoin-iosUITests";
			productName = "basecoin-iosUITests";
			productReference = 3AB1EAAC1F26AF5700F06FC8 /* basecoin-iosUITests.xctest */;
			productType = "com.apple.product-type.bundle.ui-testing";
		};
/* End PBXNativeTarget section */

/* Begin PBXProject section */
		3AB1EA851F26AF5700F06FC8 /* Project object */ = {
			isa = PBXProject;
			attributes = {
				LastSwiftUpdateCheck = 0830;
				LastUpgradeCheck = 0830;
				ORGANIZATIONNAME = "Adrian Brink";
				TargetAttributes = {
					3AB1EA8C1F26AF5700F06FC8 = {
						CreatedOnToolsVersion = 8.3.3;
						DevelopmentTeam = 6X62KW7285;
						ProvisioningStyle = Automatic;
					};
					3AB1EAA01F26AF5700F06FC8 = {
						CreatedOnToolsVersion = 8.3.3;
						DevelopmentTeam = 6X62KW7285;
						ProvisioningStyle = Automatic;
						TestTargetID = 3AB1EA8C1F26AF5700F06FC8;
					};
					3AB1EAAB1F26AF5700F06FC8 = {
						CreatedOnToolsVersion = 8.3.3;
						DevelopmentTeam = 6X62KW7285;
						ProvisioningStyle = Automatic;
						TestTargetID = 3AB1EA8C1F26AF5700F06FC8;
					};
				};
			};
			buildConfigurationList = 3AB1EA881F26AF5700F06FC8 /* Build configuration list for PBXProject "basecoin-ios" */;
			compatibilityVersion = "Xcode 3.2";
			developmentRegion = English;
			hasScannedForEncodings = 0;
			knownRegions = (
				en,
				Base,
			);
			mainGroup = 3AB1EA841F26AF5600F06FC8;
			productRefGroup = 3AB1EA8E1F26AF5700F06FC8 /* Products */;
			projectDirPath = "";
			projectRoot = "";
			targets = (
				3AB1EA8C1F26AF5700F06FC8 /* basecoin-ios */,
				3AB1EAA01F26AF5700F06FC8 /* basecoin-iosTests */,
				3AB1EAAB1F26AF5700F06FC8 /* basecoin-iosUITests */,
			);
		};
/* End PBXProject section */

/* Begin PBXResourcesBuildPhase section */
		3AB1EA8B1F26AF5700F06FC8 /* Resources */ = {
			isa = PBXResourcesBuildPhase;
			buildActionMask = 2147483647;
			files = (
				3AB1EA9B1F26AF5700F06FC8 /* LaunchScreen.storyboard in Resources */,
				3AB1EA981F26AF5700F06FC8 /* Assets.xcassets in Resources */,
				3AB1EA961F26AF5700F06FC8 /* Main.storyboard in Resources */,
			);
			runOnlyForDeploymentPostprocessing = 0;
		};
		3AB1EA9F1F26AF5700F06FC8 /* Resources */ = {
			isa = PBXResourcesBuildPhase;
			buildActionMask = 2147483647;
			files = (
			);
			runOnlyForDeploymentPostprocessing = 0;
		};
		3AB1EAAA1F26AF5700F06FC8 /* Resources */ = {
			isa = PBXResourcesBuildPhase;
			buildActionMask = 2147483647;
			files = (
			);
			runOnlyForDeploymentPostprocessing = 0;
		};
/* End PBXResourcesBuildPhase section */

/* Begin PBXSourcesBuildPhase section */
		3AB1EA891F26AF5700F06FC8 /* Sources */ = {
			isa = PBXSourcesBuildPhase;
			buildActionMask = 2147483647;
			files = (
				3AB1EA931F26AF5700F06FC8 /* ViewController.swift in Sources */,
				3AB1EA911F26AF5700F06FC8 /* AppDelegate.swift in Sources */,
			);
			runOnlyForDeploymentPostprocessing = 0;
		};
		3AB1EA9D1F26AF5700F06FC8 /* Sources */ = {
			isa = PBXSourcesBuildPhase;
			buildActionMask = 2147483647;
			files = (
				3AB1EAA61F26AF5700F06FC8 /* basecoin_iosTests.swift in Sources */,
			);
			runOnlyForDeploymentPostprocessing = 0;
		};
		3AB1EAA81F26AF5700F06FC8 /* Sources */ = {
			isa = PBXSourcesBuildPhase;
			buildActionMask = 2147483647;
			files = (
				3AB1EAB11F26AF5700F06FC8 /* basecoin_iosUITests.swift in Sources */,
			);
			runOnlyForDeploymentPostprocessing = 0;
		};
/* End PBXSourcesBuildPhase section */

/* Begin PBXTargetDependency section */
		3AB1EAA31F26AF5700F06FC8 /* PBXTargetDependency */ = {
			isa = PBXTargetDependency;
			target = 3AB1EA8C1F26AF5700F06FC8 /* basecoin-ios */;
			targetProxy = 3AB1EAA21F26AF5700F06FC8 /* PBXContainerItemProxy */;
		};
		3AB1EAAE1F26AF5700F06FC8 /* PBXTargetDependency */ = {
			isa = PBXTargetDependency;
			target = 3AB1EA8C1F26AF5700F06FC8 /* basecoin-ios */;
			targetProxy = 3AB1EAAD1F26AF5700F06FC8 /* PBXContainerItemProxy */;
		};
/* End PBXTargetDependency section */

/* Begin PBXVariantGroup section */
		3AB1EA941F26AF5700F06FC8 /* Main.storyboard */ = {
			isa = PBXVariantGroup;
			children = (
				3AB1EA951F26AF5700F06FC8 /* Base */,
			);
			name = Main.storyboard;
			sourceTree = "<group>";
		};
		3AB1EA991F26AF5700F06FC8 /* LaunchScreen.storyboard */ = {
			isa = PBXVariantGroup;
			children = (
				3AB1EA9A1F26AF5700F06FC8 /* Base */,
			);
			name = LaunchScreen.storyboard;
			sourceTree = "<group>";
		};
/* End PBXVariantGroup section */

/* Begin XCBuildConfiguration section */
		3AB1EAB31F26AF5700F06FC8 /* Debug */ = {
			isa = XCBuildConfiguration;
			buildSettings = {
				ALWAYS_SEARCH_USER_PATHS = NO;
				CLANG_ANALYZER_NONNULL = YES;
				CLANG_ANALYZER_NUMBER_OBJECT_CONVERSION = YES_AGGRESSIVE;
				CLANG_CXX_LANGUAGE_STANDARD = "gnu++0x";
				CLANG_CXX_LIBRARY = "libc++";
				CLANG_ENABLE_MODULES = YES;
				CLANG_ENABLE_OBJC_ARC = YES;
				CLANG_WARN_BOOL_CONVERSION = YES;
				CLANG_WARN_CONSTANT_CONVERSION = YES;
				CLANG_WARN_DIRECT_OBJC_ISA_USAGE = YES_ERROR;
				CLANG_WARN_DOCUMENTATION_COMMENTS = YES;
				CLANG_WARN_EMPTY_BODY = YES;
				CLANG_WARN_ENUM_CONVERSION = YES;
				CLANG_WARN_INFINITE_RECURSION = YES;
				CLANG_WARN_INT_CONVERSION = YES;
				CLANG_WARN_OBJC_ROOT_CLASS = YES_ERROR;
				CLANG_WARN_SUSPICIOUS_MOVE = YES;
				CLANG_WARN_UNREACHABLE_CODE = YES;
				CLANG_WARN__DUPLICATE_METHOD_MATCH = YES;
				"CODE_SIGN_IDENTITY[sdk=iphoneos*]" = "iPhone Developer";
				COPY_PHASE_STRIP = NO;
				DEBUG_INFORMATION_FORMAT = dwarf;
				ENABLE_STRICT_OBJC_MSGSEND = YES;
				ENABLE_TESTABILITY = YES;
				GCC_C_LANGUAGE_STANDARD = gnu99;
				GCC_DYNAMIC_NO_PIC = NO;
				GCC_NO_COMMON_BLOCKS = YES;
				GCC_OPTIMIZATION_LEVEL = 0;
				GCC_PREPROCESSOR_DEFINITIONS = (
					"DEBUG=1",
					"$(inherited)",
				);
				GCC_WARN_64_TO_32_BIT_CONVERSION = YES;
				GCC_WARN_ABOUT_RETURN_TYPE = YES_ERROR;
				GCC_WARN_UNDECLARED_SELECTOR = YES;
				GCC_WARN_UNINITIALIZED_AUTOS = YES_AGGRESSIVE;
				GCC_WARN_UNUSED_FUNCTION = YES;
				GCC_WARN_UNUSED_VARIABLE = YES;
				IPHONEOS_DEPLOYMENT_TARGET = 10.3;
				MTL_ENABLE_DEBUG_INFO = YES;
				ONLY_ACTIVE_ARCH = YES;
				SDKROOT = iphoneos;
				SWIFT_ACTIVE_COMPILATION_CONDITIONS = DEBUG;
				SWIFT_OPTIMIZATION_LEVEL = "-Onone";
				TARGETED_DEVICE_FAMILY = "1,2";
			};
			name = Debug;
		};
		3AB1EAB41F26AF5700F06FC8 /* Release */ = {
			isa = XCBuildConfiguration;
			buildSettings = {
				ALWAYS_SEARCH_USER_PATHS = NO;
				CLANG_ANALYZER_NONNULL = YES;
				CLANG_ANALYZER_NUMBER_OBJECT_CONVERSION = YES_AGGRESSIVE;
				CLANG_CXX_LANGUAGE_STANDARD = "gnu++0x";
				CLANG_CXX_LIBRARY = "libc++";
				CLANG_ENABLE_MODULES = YES;
				CLANG_ENABLE_OBJC_ARC = YES;
				CLANG_WARN_BOOL_CONVERSION = YES;
				CLANG_WARN_CONSTANT_CONVERSION = YES;
				CLANG_WARN_DIRECT_OBJC_ISA_USAGE = YES_ERROR;
				CLANG_WARN_DOCUMENTATION_COMMENTS = YES;
				CLANG_WARN_EMPTY_BODY = YES;
				CLANG_WARN_ENUM_CONVERSION = YES;
				CLANG_WARN_INFINITE_RECURSION = YES;
				CLANG_WARN_INT_CONVERSION = YES;
				CLANG_WARN_OBJC_ROOT_CLASS = YES_ERROR;
				CLANG_WARN_SUSPICIOUS_MOVE = YES;
				CLANG_WARN_UNREACHABLE_CODE = YES;
				CLANG_WARN__DUPLICATE_METHOD_MATCH = YES;
				"CODE_SIGN_IDENTITY[sdk=iphoneos*]" = "iPhone Developer";
				COPY_PHASE_STRIP = NO;
				DEBUG_INFORMATION_FORMAT = "dwarf-with-dsym";
				ENABLE_NS_ASSERTIONS = NO;
				ENABLE_STRICT_OBJC_MSGSEND = YES;
				GCC_C_LANGUAGE_STANDARD = gnu99;
				GCC_NO_COMMON_BLOCKS = YES;
				GCC_WARN_64_TO_32_BIT_CONVERSION = YES;
				GCC_WARN_ABOUT_RETURN_TYPE = YES_ERROR;
				GCC_WARN_UNDECLARED_SELECTOR = YES;
				GCC_WARN_UNINITIALIZED_AUTOS = YES_AGGRESSIVE;
				GCC_WARN_UNUSED_FUNCTION = YES;
				GCC_WARN_UNUSED_VARIABLE = YES;
				IPHONEOS_DEPLOYMENT_TARGET = 10.3;
				MTL_ENABLE_DEBUG_INFO = NO;
				SDKROOT = iphoneos;
				SWIFT_OPTIMIZATION_LEVEL = "-Owholemodule";
				TARGETED_DEVICE_FAMILY = "1,2";
				VALIDATE_PRODUCT = YES;
			};
			name = Release;
		};
		3AB1EAB61F26AF5700F06FC8 /* Debug */ = {
			isa = XCBuildConfiguration;
			buildSettings = {
				ASSETCATALOG_COMPILER_APPICON_NAME = AppIcon;
				DEVELOPMENT_TEAM = 6X62KW7285;
				FRAMEWORK_SEARCH_PATHS = (
					"$(inherited)",
					"$(PROJECT_DIR)",
				);
				INFOPLIST_FILE = "basecoin-ios/Info.plist";
				LD_RUNPATH_SEARCH_PATHS = "$(inherited) @executable_path/Frameworks";
				PRODUCT_BUNDLE_IDENTIFIER = "com.adrianbrink.basecoin-ios";
				PRODUCT_NAME = "$(TARGET_NAME)";
				SWIFT_VERSION = 3.0;
			};
			name = Debug;
		};
		3AB1EAB71F26AF5700F06FC8 /* Release */ = {
			isa = XCBuildConfiguration;
			buildSettings = {
				ASSETCATALOG_COMPILER_APPICON_NAME = AppIcon;
				DEVELOPMENT_TEAM = 6X62KW7285;
				FRAMEWORK_SEARCH_PATHS = (
					"$(inherited)",
					"$(PROJECT_DIR)",
				);
				INFOPLIST_FILE = "basecoin-ios/Info.plist";
				LD_RUNPATH_SEARCH_PATHS = "$(inherited) @executable_path/Frameworks";
				PRODUCT_BUNDLE_IDENTIFIER = "com.adrianbrink.basecoin-ios";
				PRODUCT_NAME = "$(TARGET_NAME)";
				SWIFT_VERSION = 3.0;
			};
			name = Release;
		};
		3AB1EAB91F26AF5700F06FC8 /* Debug */ = {
			isa = XCBuildConfiguration;
			buildSettings = {
				ALWAYS_EMBED_SWIFT_STANDARD_LIBRARIES = YES;
				BUNDLE_LOADER = "$(TEST_HOST)";
				DEVELOPMENT_TEAM = 6X62KW7285;
				INFOPLIST_FILE = "basecoin-iosTests/Info.plist";
				LD_RUNPATH_SEARCH_PATHS = "$(inherited) @executable_path/Frameworks @loader_path/Frameworks";
				PRODUCT_BUNDLE_IDENTIFIER = "com.adrianbrink.basecoin-iosTests";
				PRODUCT_NAME = "$(TARGET_NAME)";
				SWIFT_VERSION = 3.0;
				TEST_HOST = "$(BUILT_PRODUCTS_DIR)/basecoin-ios.app/basecoin-ios";
			};
			name = Debug;
		};
		3AB1EABA1F26AF5700F06FC8 /* Release */ = {
			isa = XCBuildConfiguration;
			buildSettings = {
				ALWAYS_EMBED_SWIFT_STANDARD_LIBRARIES = YES;
				BUNDLE_LOADER = "$(TEST_HOST)";
				DEVELOPMENT_TEAM = 6X62KW7285;
				INFOPLIST_FILE = "basecoin-iosTests/Info.plist";
				LD_RUNPATH_SEARCH_PATHS = "$(inherited) @executable_path/Frameworks @loader_path/Frameworks";
				PRODUCT_BUNDLE_IDENTIFIER = "com.adrianbrink.basecoin-iosTests";
				PRODUCT_NAME = "$(TARGET_NAME)";
				SWIFT_VERSION = 3.0;
				TEST_HOST = "$(BUILT_PRODUCTS_DIR)/basecoin-ios.app/basecoin-ios";
			};
			name = Release;
		};
		3AB1EABC1F26AF5700F06FC8 /* Debug */ = {
			isa = XCBuildConfiguration;
			buildSettings = {
				ALWAYS_EMBED_SWIFT_STANDARD_LIBRARIES = YES;
				DEVELOPMENT_TEAM = 6X62KW7285;
				INFOPLIST_FILE = "basecoin-iosUITests/Info.plist";
				LD_RUNPATH_SEARCH_PATHS = "$(inherited) @executable_path/Frameworks @loader_path/Frameworks";
				PRODUCT_BUNDLE_IDENTIFIER = "com.adrianbrink.basecoin-iosUITests";
				PRODUCT_NAME = "$(TARGET_NAME)";
				SWIFT_VERSION = 3.0;
				TEST_TARGET_NAME = "basecoin-ios";
			};
			name = Debug;
		};
		3AB1EABD1F26AF5700F06FC8 /* Release */ = {
			isa = XCBuildConfiguration;
			buildSettings = {
				ALWAYS_EMBED_SWIFT_STANDARD_LIBRARIES = YES;
				DEVELOPMENT_TEAM = 6X62KW7285;
				INFOPLIST_FILE = "basecoin-iosUITests/Info.plist";
				LD_RUNPATH_SEARCH_PATHS = "$(inherited) @executable_path/Frameworks @loader_path/Frameworks";
				PRODUCT_BUNDLE_IDENTIFIER = "com.adrianbrink.basecoin-iosUITests";
				PRODUCT_NAME = "$(TARGET_NAME)";
				SWIFT_VERSION = 3.0;
				TEST_TARGET_NAME = "basecoin-ios";
			};
			name = Release;
		};
/* End XCBuildConfiguration section */

/* Begin XCConfigurationList section */
		3AB1EA881F26AF5700F06FC8 /* Build configuration list for PBXProject "basecoin-ios" */ = {
			isa = XCConfigurationList;
			buildConfigurations = (
				3AB1EAB31F26AF5700F06FC8 /* Debug */,
				3AB1EAB41F26AF5700F06FC8 /* Release */,
			);
			defaultConfigurationIsVisible = 0;
			defaultConfigurationName = Release;
		};
		3AB1EAB51F26AF5700F06FC8 /* Build configuration list for PBXNativeTarget "basecoin-ios" */ = {
			isa = XCConfigurationList;
			buildConfigurations = (
				3AB1EAB61F26AF5700F06FC8 /* Debug */,
				3AB1EAB71F26AF5700F06FC8 /* Release */,
			);
			defaultConfigurationIsVisible = 0;
		};
		3AB1EAB81F26AF5700F06FC8 /* Build configuration list for PBXNativeTarget "basecoin-iosTests" */ = {
			isa = XCConfigurationList;
			buildConfigurations = (
				3AB1EAB91F26AF5700F06FC8 /* Debug */,
				3AB1EABA1F26AF5700F06FC8 /* Release */,
			);
			defaultConfigurationIsVisible = 0;
		};
		3AB1EABB1F26AF5700F06FC8 /* Build configuration list for PBXNativeTarget "basecoin-iosUITests" */ = {
			isa = XCConfigurationList;
			buildConfigurations = (
				3AB1EABC1F26AF5700F06FC8 /* Debug */,
				3AB1EABD1F26AF5700F06FC8 /* Release */,
			);
			defaultConfigurationIsVisible = 0;
		};
/* End XCConfigurationList section */
	};
	rootObject = 3AB1EA851F26AF5700F06FC8 /* Project object */;
}
